
Microsoft Visual Studio Solution File, Format Version 12.00
# Visual Studio Version 17
VisualStudioVersion = 17.3.32929.385
MinimumVisualStudioVersion = 10.0.40219.1
Project("{FAE04EC0-301F-11D3-BF4B-00C04F79EFBC}") = "MonoGamePixelExample", "MonoGamePixelExample\MonoGamePixelExample.csproj", "{D1623528-54D9-4743-B292-B5A8A206068C}"
EndProject
Global
	GlobalSection(SolutionConfigurationPlatforms) = preSolution
		Debug|Any CPU = Debug|Any CPU
		Release|Any CPU = Release|Any CPU
	EndGlobalSection
	GlobalSection(ProjectConfigurationPlatforms) = postSolution
		{D1623528-54D9-4743-B292-B5A8A206068C}.Debug|Any CPU.ActiveCfg = Debug|Any CPU
		{D1623528-54D9-4743-B292-B5A8A206068C}.Debug|Any CPU.Build.0 = Debug|Any CPU
		{D1623528-54D9-4743-B292-B5A8A206068C}.Release|Any CPU.ActiveCfg = Release|Any CPU
		{D1623528-54D9-4743-B292-B5A8A206068C}.Release|Any CPU.Build.0 = Release|Any CPU
	EndGlobalSection
	GlobalSection(SolutionProperties) = preSolution
		HideSolutionNode = FALSE
	EndGlobalSection
	GlobalSection(ExtensibilityGlobals) = postSolution
		SolutionGuid = {8D7C0F7B-7625-4DA4-8814-ADA1F8426FB2}
	EndGlobalSection
EndGlobal
